
Microsoft Visual Studio Solution File, Format Version 12.00
# Visual Studio Version 16
VisualStudioVersion = 16.0.30907.101
MinimumVisualStudioVersion = 10.0.40219.1
Project("{FAE04EC0-301F-11D3-BF4B-00C04F79EFBC}") = "MidasoftTest", "MidasoftTest\MidasoftTest.csproj", "{B916EB24-1161-4C18-B59D-76AE9211658D}"
EndProject
Project("{FAE04EC0-301F-11D3-BF4B-00C04F79EFBC}") = "MidasoftTest.Domain", "MidasoftTest.Domain\MidasoftTest.Domain.csproj", "{ED31EDA7-8C1F-41CE-82BC-9E887D77391D}"
EndProject
Project("{FAE04EC0-301F-11D3-BF4B-00C04F79EFBC}") = "MidasoftTest.Data", "MidasoftTest.Shared\MidasoftTest.Data.csproj", "{B5B83376-78BD-4B63-B320-DADDCCC98907}"
EndProject
Project("{FAE04EC0-301F-11D3-BF4B-00C04F79EFBC}") = "MidasoftTest.IOC", "MidasoftTest.IOC\MidasoftTest.IOC.csproj", "{D36A689C-25CD-4FBB-9FBB-2315454341E9}"
EndProject
Project("{FAE04EC0-301F-11D3-BF4B-00C04F79EFBC}") = "MidasoftTest.Common", "MidasoftTest.Common\MidasoftTest.Common.csproj", "{995FD39B-BE02-4811-A17B-9E4B8650F5F5}"
EndProject
Global
	GlobalSection(SolutionConfigurationPlatforms) = preSolution
		Debug|Any CPU = Debug|Any CPU
		Release|Any CPU = Release|Any CPU
	EndGlobalSection
	GlobalSection(ProjectConfigurationPlatforms) = postSolution
		{B916EB24-1161-4C18-B59D-76AE9211658D}.Debug|Any CPU.ActiveCfg = Debug|Any CPU
		{B916EB24-1161-4C18-B59D-76AE9211658D}.Debug|Any CPU.Build.0 = Debug|Any CPU
		{B916EB24-1161-4C18-B59D-76AE9211658D}.Release|Any CPU.ActiveCfg = Release|Any CPU
		{B916EB24-1161-4C18-B59D-76AE9211658D}.Release|Any CPU.Build.0 = Release|Any CPU
		{ED31EDA7-8C1F-41CE-82BC-9E887D77391D}.Debug|Any CPU.ActiveCfg = Debug|Any CPU
		{ED31EDA7-8C1F-41CE-82BC-9E887D77391D}.Debug|Any CPU.Build.0 = Debug|Any CPU
		{ED31EDA7-8C1F-41CE-82BC-9E887D77391D}.Release|Any CPU.ActiveCfg = Release|Any CPU
		{ED31EDA7-8C1F-41CE-82BC-9E887D77391D}.Release|Any CPU.Build.0 = Release|Any CPU
		{B5B83376-78BD-4B63-B320-DADDCCC98907}.Debug|Any CPU.ActiveCfg = Debug|Any CPU
		{B5B83376-78BD-4B63-B320-DADDCCC98907}.Debug|Any CPU.Build.0 = Debug|Any CPU
		{B5B83376-78BD-4B63-B320-DADDCCC98907}.Release|Any CPU.ActiveCfg = Release|Any CPU
		{B5B83376-78BD-4B63-B320-DADDCCC98907}.Release|Any CPU.Build.0 = Release|Any CPU
		{D36A689C-25CD-4FBB-9FBB-2315454341E9}.Debug|Any CPU.ActiveCfg = Debug|Any CPU
		{D36A689C-25CD-4FBB-9FBB-2315454341E9}.Debug|Any CPU.Build.0 = Debug|Any CPU
		{D36A689C-25CD-4FBB-9FBB-2315454341E9}.Release|Any CPU.ActiveCfg = Release|Any CPU
		{D36A689C-25CD-4FBB-9FBB-2315454341E9}.Release|Any CPU.Build.0 = Release|Any CPU
		{995FD39B-BE02-4811-A17B-9E4B8650F5F5}.Debug|Any CPU.ActiveCfg = Debug|Any CPU
		{995FD39B-BE02-4811-A17B-9E4B8650F5F5}.Debug|Any CPU.Build.0 = Debug|Any CPU
		{995FD39B-BE02-4811-A17B-9E4B8650F5F5}.Release|Any CPU.ActiveCfg = Release|Any CPU
		{995FD39B-BE02-4811-A17B-9E4B8650F5F5}.Release|Any CPU.Build.0 = Release|Any CPU
	EndGlobalSection
	GlobalSection(SolutionProperties) = preSolution
		HideSolutionNode = FALSE
	EndGlobalSection
	GlobalSection(ExtensibilityGlobals) = postSolution
		SolutionGuid = {2B6F682C-F6D0-462D-8652-CE02E8C3DADC}
	EndGlobalSection
EndGlobal
